{
  "name": "dinkum-save-converter",
  "version": "1.0.0",
  "lockfileVersion": 2,
  "requires": true,
  "packages": {
    "": {
      "name": "dinkum-save-converter",
      "version": "1.0.0",
      "license": "MIT",
      "devDependencies": {
        "@donutteam/eslint-config": "^1.0.6"
      }
    },
    "node_modules/@donutteam/eslint-config": {
      "version": "1.0.6",
      "resolved": "https://registry.npmjs.org/@donutteam/eslint-config/-/eslint-config-1.0.6.tgz",
      "integrity": "sha512-In3Y9YDL+BkG0Non6z6N+XzDIAKulumtYiJxQ8YgzT/7CHj3orPyLWF7Xy9VpXRIxyX8Nk35w0zcwxSlvqwldg==",
      "dev": true
    }
  },
  "dependencies": {
    "@donutteam/eslint-config": {
      "version": "1.0.6",
      "resolved": "https://registry.npmjs.org/@donutteam/eslint-config/-/eslint-config-1.0.6.tgz",
      "integrity": "sha512-In3Y9YDL+BkG0Non6z6N+XzDIAKulumtYiJxQ8YgzT/7CHj3orPyLWF7Xy9VpXRIxyX8Nk35w0zcwxSlvqwldg==",
      "dev": true
    }
  }
}
